
Microsoft Visual Studio Solution File, Format Version 12.00
# Visual Studio Version 17
VisualStudioVersion = 17.3.32804.467
MinimumVisualStudioVersion = 10.0.40219.1
Project("{9A19103F-16F7-4668-BE54-9A1E7A4F7556}") = "Talabat", "Talabat\Talabat.csproj", "{BC31DE58-BF8D-43D0-A2EC-F80DC747B6B6}"
EndProject
Project("{9A19103F-16F7-4668-BE54-9A1E7A4F7556}") = "Talabat.Core", "Talabat.Core\Talabat.Core.csproj", "{BEC611FA-094F-4252-A246-AC88D257D0BB}"
EndProject
Project("{9A19103F-16F7-4668-BE54-9A1E7A4F7556}") = "Talabat.Reopsitory", "Talabat.Reopsitory\Talabat.Reopsitory.csproj", "{83D0D57B-9830-41B1-899F-F8DBD5B2CDD6}"
EndProject
Project("{9A19103F-16F7-4668-BE54-9A1E7A4F7556}") = "Talabat.Service", "Talabat.Service\Talabat.Service.csproj", "{761C5668-76F4-4EB8-8D55-B1746B3F5212}"
EndProject
Project("{FAE04EC0-301F-11D3-BF4B-00C04F79EFBC}") = "AdminPanalTalabatMVC", "AdminPanalTalabatMVC\AdminPanalTalabatMVC.csproj", "{51553FD8-7D2B-4440-B1AF-ACA84B913773}"
EndProject
Global
	GlobalSection(SolutionConfigurationPlatforms) = preSolution
		Debug|Any CPU = Debug|Any CPU
		Release|Any CPU = Release|Any CPU
	EndGlobalSection
	GlobalSection(ProjectConfigurationPlatforms) = postSolution
		{BC31DE58-BF8D-43D0-A2EC-F80DC747B6B6}.Debug|Any CPU.ActiveCfg = Debug|Any CPU
		{BC31DE58-BF8D-43D0-A2EC-F80DC747B6B6}.Debug|Any CPU.Build.0 = Debug|Any CPU
		{BC31DE58-BF8D-43D0-A2EC-F80DC747B6B6}.Release|Any CPU.ActiveCfg = Release|Any CPU
		{BC31DE58-BF8D-43D0-A2EC-F80DC747B6B6}.Release|Any CPU.Build.0 = Release|Any CPU
		{BEC611FA-094F-4252-A246-AC88D257D0BB}.Debug|Any CPU.ActiveCfg = Debug|Any CPU
		{BEC611FA-094F-4252-A246-AC88D257D0BB}.Debug|Any CPU.Build.0 = Debug|Any CPU
		{BEC611FA-094F-4252-A246-AC88D257D0BB}.Release|Any CPU.ActiveCfg = Release|Any CPU
		{BEC611FA-094F-4252-A246-AC88D257D0BB}.Release|Any CPU.Build.0 = Release|Any CPU
		{83D0D57B-9830-41B1-899F-F8DBD5B2CDD6}.Debug|Any CPU.ActiveCfg = Debug|Any CPU
		{83D0D57B-9830-41B1-899F-F8DBD5B2CDD6}.Debug|Any CPU.Build.0 = Debug|Any CPU
		{83D0D57B-9830-41B1-899F-F8DBD5B2CDD6}.Release|Any CPU.ActiveCfg = Release|Any CPU
		{83D0D57B-9830-41B1-899F-F8DBD5B2CDD6}.Release|Any CPU.Build.0 = Release|Any CPU
		{761C5668-76F4-4EB8-8D55-B1746B3F5212}.Debug|Any CPU.ActiveCfg = Debug|Any CPU
		{761C5668-76F4-4EB8-8D55-B1746B3F5212}.Debug|Any CPU.Build.0 = Debug|Any CPU
		{761C5668-76F4-4EB8-8D55-B1746B3F5212}.Release|Any CPU.ActiveCfg = Release|Any CPU
		{761C5668-76F4-4EB8-8D55-B1746B3F5212}.Release|Any CPU.Build.0 = Release|Any CPU
		{51553FD8-7D2B-4440-B1AF-ACA84B913773}.Debug|Any CPU.ActiveCfg = Debug|Any CPU
		{51553FD8-7D2B-4440-B1AF-ACA84B913773}.Debug|Any CPU.Build.0 = Debug|Any CPU
		{51553FD8-7D2B-4440-B1AF-ACA84B913773}.Release|Any CPU.ActiveCfg = Release|Any CPU
		{51553FD8-7D2B-4440-B1AF-ACA84B913773}.Release|Any CPU.Build.0 = Release|Any CPU
	EndGlobalSection
	GlobalSection(SolutionProperties) = preSolution
		HideSolutionNode = FALSE
	EndGlobalSection
	GlobalSection(ExtensibilityGlobals) = postSolution
		SolutionGuid = {A74F46EC-D78A-4D8C-8551-7691A8194F27}
	EndGlobalSection
EndGlobal
